
Microsoft Visual Studio Solution File, Format Version 12.00
# Visual Studio Version 16
VisualStudioVersion = 16.0.32002.261
MinimumVisualStudioVersion = 10.0.40219.1
Project("{FAE04EC0-301F-11D3-BF4B-00C04F79EFBC}") = "LoginCoralisAPI", "LoginCoralisAPI\LoginCoralisAPI.csproj", "{BCE5B980-1147-4ABD-A0D4-6D7D252FA263}"
EndProject
Global
	GlobalSection(SolutionConfigurationPlatforms) = preSolution
		Debug|Any CPU = Debug|Any CPU
		Release|Any CPU = Release|Any CPU
	EndGlobalSection
	GlobalSection(ProjectConfigurationPlatforms) = postSolution
		{BCE5B980-1147-4ABD-A0D4-6D7D252FA263}.Debug|Any CPU.ActiveCfg = Debug|Any CPU
		{BCE5B980-1147-4ABD-A0D4-6D7D252FA263}.Debug|Any CPU.Build.0 = Debug|Any CPU
		{BCE5B980-1147-4ABD-A0D4-6D7D252FA263}.Release|Any CPU.ActiveCfg = Release|Any CPU
		{BCE5B980-1147-4ABD-A0D4-6D7D252FA263}.Release|Any CPU.Build.0 = Release|Any CPU
	EndGlobalSection
	GlobalSection(SolutionProperties) = preSolution
		HideSolutionNode = FALSE
	EndGlobalSection
	GlobalSection(ExtensibilityGlobals) = postSolution
		SolutionGuid = {D8220B13-9C60-4F23-84EB-374D43B74DDB}
	EndGlobalSection
EndGlobal
